
Microsoft Visual Studio Solution File, Format Version 12.00
# Visual Studio Version 17
VisualStudioVersion = 17.0.31903.59
MinimumVisualStudioVersion = 10.0.40219.1
Project("{FAE04EC0-301F-11D3-BF4B-00C04F79EFBC}") = "Zone016.Printer", "Zone016.Printer\Zone016.Printer.csproj", "{F111EBEA-B9D7-401B-92B3-0FB79BFF646B}"
EndProject
Project("{FAE04EC0-301F-11D3-BF4B-00C04F79EFBC}") = "Zone016.Process", "Zone016.Process\Zone016.Process.csproj", "{C4DAA4A5-5266-4FDA-98A9-8B69BD1AE3C6}"
EndProject
Project("{FAE04EC0-301F-11D3-BF4B-00C04F79EFBC}") = "Zone016.Project", "Zone016.Project\Zone016.Project.csproj", "{D0CBDB8F-33F8-41AA-8EAB-80E5F0B77B8C}"
EndProject
Project("{FAE04EC0-301F-11D3-BF4B-00C04F79EFBC}") = "Zone016.Reflector", "Zone016.Reflector\Zone016.Reflector.csproj", "{52D0B731-2D73-43A8-907E-FEB8CA122A4A}"
EndProject
Project("{FAE04EC0-301F-11D3-BF4B-00C04F79EFBC}") = "Zone016.Process.Tests", "Zone016.Process.Tests\Zone016.Process.Tests.csproj", "{5A9964D9-3A83-4823-A05E-C81F0004B7B0}"
EndProject
Project("{FAE04EC0-301F-11D3-BF4B-00C04F79EFBC}") = "Zone016.Nexus", "Zone016.Nexus\Zone016.Nexus.csproj", "{B1F6E501-0A2E-42BB-A86D-2AC95964F9C7}"
EndProject
Project("{2150E333-8FDC-42A3-9474-1A3956D46DE8}") = "Nexus Client", "Nexus Client", "{7671CFF7-DFF6-411C-BF55-4B5582C2F1C1}"
EndProject
Project("{FAE04EC0-301F-11D3-BF4B-00C04F79EFBC}") = "Zone016.Nexus.Schema", "Zone016.Nexus.Schema\Zone016.Nexus.Schema.csproj", "{5D1FA838-6A0B-40C0-880E-ABC48434A143}"
EndProject
Project("{FAE04EC0-301F-11D3-BF4B-00C04F79EFBC}") = "Zone016.Nexus.Tests", "Zone016.Nexus.Tests\Zone016.Nexus.Tests.csproj", "{D1AF9B10-A642-435F-B919-3E9B6116AE68}"
EndProject
Project("{2150E333-8FDC-42A3-9474-1A3956D46DE8}") = "Process", "Process", "{EDC9B99C-02AF-491B-88C1-496562EBE53F}"
EndProject
Project("{FAE04EC0-301F-11D3-BF4B-00C04F79EFBC}") = "Zone016.Boxer", "Zone016.Boxer\Zone016.Boxer.csproj", "{27226B69-2FBE-412E-B995-88E10AA37F69}"
EndProject
Project("{2150E333-8FDC-42A3-9474-1A3956D46DE8}") = "Boxer", "Boxer", "{79202EFF-6B44-4EE5-8BC7-46DE8B9A0EDE}"
EndProject
Project("{FAE04EC0-301F-11D3-BF4B-00C04F79EFBC}") = "Zone016.Boxer.Tests", "Zone016.Boxer.Tests\Zone016.Boxer.Tests.csproj", "{F8F0A6E8-9703-48EC-BCBD-680AC9DA4465}"
EndProject
Project("{FAE04EC0-301F-11D3-BF4B-00C04F79EFBC}") = "Zone016.Boxer.Schema", "Zone016.Boxer.Schema\Zone016.Boxer.Schema.csproj", "{70C45D70-468A-4659-AF38-2C210C220D47}"
EndProject
Global
	GlobalSection(SolutionConfigurationPlatforms) = preSolution
		Debug|Any CPU = Debug|Any CPU
		Release|Any CPU = Release|Any CPU
	EndGlobalSection
	GlobalSection(SolutionProperties) = preSolution
		HideSolutionNode = FALSE
	EndGlobalSection
	GlobalSection(ProjectConfigurationPlatforms) = postSolution
		{F111EBEA-B9D7-401B-92B3-0FB79BFF646B}.Debug|Any CPU.ActiveCfg = Debug|Any CPU
		{F111EBEA-B9D7-401B-92B3-0FB79BFF646B}.Debug|Any CPU.Build.0 = Debug|Any CPU
		{F111EBEA-B9D7-401B-92B3-0FB79BFF646B}.Release|Any CPU.ActiveCfg = Release|Any CPU
		{F111EBEA-B9D7-401B-92B3-0FB79BFF646B}.Release|Any CPU.Build.0 = Release|Any CPU
		{C4DAA4A5-5266-4FDA-98A9-8B69BD1AE3C6}.Debug|Any CPU.ActiveCfg = Debug|Any CPU
		{C4DAA4A5-5266-4FDA-98A9-8B69BD1AE3C6}.Debug|Any CPU.Build.0 = Debug|Any CPU
		{C4DAA4A5-5266-4FDA-98A9-8B69BD1AE3C6}.Release|Any CPU.ActiveCfg = Release|Any CPU
		{C4DAA4A5-5266-4FDA-98A9-8B69BD1AE3C6}.Release|Any CPU.Build.0 = Release|Any CPU
		{D0CBDB8F-33F8-41AA-8EAB-80E5F0B77B8C}.Debug|Any CPU.ActiveCfg = Debug|Any CPU
		{D0CBDB8F-33F8-41AA-8EAB-80E5F0B77B8C}.Debug|Any CPU.Build.0 = Debug|Any CPU
		{D0CBDB8F-33F8-41AA-8EAB-80E5F0B77B8C}.Release|Any CPU.ActiveCfg = Release|Any CPU
		{D0CBDB8F-33F8-41AA-8EAB-80E5F0B77B8C}.Release|Any CPU.Build.0 = Release|Any CPU
		{52D0B731-2D73-43A8-907E-FEB8CA122A4A}.Debug|Any CPU.ActiveCfg = Debug|Any CPU
		{52D0B731-2D73-43A8-907E-FEB8CA122A4A}.Debug|Any CPU.Build.0 = Debug|Any CPU
		{52D0B731-2D73-43A8-907E-FEB8CA122A4A}.Release|Any CPU.ActiveCfg = Release|Any CPU
		{52D0B731-2D73-43A8-907E-FEB8CA122A4A}.Release|Any CPU.Build.0 = Release|Any CPU
		{5A9964D9-3A83-4823-A05E-C81F0004B7B0}.Debug|Any CPU.ActiveCfg = Debug|Any CPU
		{5A9964D9-3A83-4823-A05E-C81F0004B7B0}.Debug|Any CPU.Build.0 = Debug|Any CPU
		{5A9964D9-3A83-4823-A05E-C81F0004B7B0}.Release|Any CPU.ActiveCfg = Release|Any CPU
		{5A9964D9-3A83-4823-A05E-C81F0004B7B0}.Release|Any CPU.Build.0 = Release|Any CPU
		{B1F6E501-0A2E-42BB-A86D-2AC95964F9C7}.Debug|Any CPU.ActiveCfg = Debug|Any CPU
		{B1F6E501-0A2E-42BB-A86D-2AC95964F9C7}.Debug|Any CPU.Build.0 = Debug|Any CPU
		{B1F6E501-0A2E-42BB-A86D-2AC95964F9C7}.Release|Any CPU.ActiveCfg = Release|Any CPU
		{B1F6E501-0A2E-42BB-A86D-2AC95964F9C7}.Release|Any CPU.Build.0 = Release|Any CPU
		{5D1FA838-6A0B-40C0-880E-ABC48434A143}.Debug|Any CPU.ActiveCfg = Debug|Any CPU
		{5D1FA838-6A0B-40C0-880E-ABC48434A143}.Debug|Any CPU.Build.0 = Debug|Any CPU
		{5D1FA838-6A0B-40C0-880E-ABC48434A143}.Release|Any CPU.ActiveCfg = Release|Any CPU
		{5D1FA838-6A0B-40C0-880E-ABC48434A143}.Release|Any CPU.Build.0 = Release|Any CPU
		{D1AF9B10-A642-435F-B919-3E9B6116AE68}.Debug|Any CPU.ActiveCfg = Debug|Any CPU
		{D1AF9B10-A642-435F-B919-3E9B6116AE68}.Debug|Any CPU.Build.0 = Debug|Any CPU
		{D1AF9B10-A642-435F-B919-3E9B6116AE68}.Release|Any CPU.ActiveCfg = Release|Any CPU
		{D1AF9B10-A642-435F-B919-3E9B6116AE68}.Release|Any CPU.Build.0 = Release|Any CPU
		{27226B69-2FBE-412E-B995-88E10AA37F69}.Debug|Any CPU.ActiveCfg = Debug|Any CPU
		{27226B69-2FBE-412E-B995-88E10AA37F69}.Debug|Any CPU.Build.0 = Debug|Any CPU
		{27226B69-2FBE-412E-B995-88E10AA37F69}.Release|Any CPU.ActiveCfg = Release|Any CPU
		{27226B69-2FBE-412E-B995-88E10AA37F69}.Release|Any CPU.Build.0 = Release|Any CPU
		{F8F0A6E8-9703-48EC-BCBD-680AC9DA4465}.Debug|Any CPU.ActiveCfg = Debug|Any CPU
		{F8F0A6E8-9703-48EC-BCBD-680AC9DA4465}.Debug|Any CPU.Build.0 = Debug|Any CPU
		{F8F0A6E8-9703-48EC-BCBD-680AC9DA4465}.Release|Any CPU.ActiveCfg = Release|Any CPU
		{F8F0A6E8-9703-48EC-BCBD-680AC9DA4465}.Release|Any CPU.Build.0 = Release|Any CPU
		{70C45D70-468A-4659-AF38-2C210C220D47}.Debug|Any CPU.ActiveCfg = Debug|Any CPU
		{70C45D70-468A-4659-AF38-2C210C220D47}.Debug|Any CPU.Build.0 = Debug|Any CPU
		{70C45D70-468A-4659-AF38-2C210C220D47}.Release|Any CPU.ActiveCfg = Release|Any CPU
		{70C45D70-468A-4659-AF38-2C210C220D47}.Release|Any CPU.Build.0 = Release|Any CPU
	EndGlobalSection
	GlobalSection(NestedProjects) = preSolution
		{B1F6E501-0A2E-42BB-A86D-2AC95964F9C7} = {7671CFF7-DFF6-411C-BF55-4B5582C2F1C1}
		{5D1FA838-6A0B-40C0-880E-ABC48434A143} = {7671CFF7-DFF6-411C-BF55-4B5582C2F1C1}
		{D1AF9B10-A642-435F-B919-3E9B6116AE68} = {7671CFF7-DFF6-411C-BF55-4B5582C2F1C1}
		{C4DAA4A5-5266-4FDA-98A9-8B69BD1AE3C6} = {EDC9B99C-02AF-491B-88C1-496562EBE53F}
		{5A9964D9-3A83-4823-A05E-C81F0004B7B0} = {EDC9B99C-02AF-491B-88C1-496562EBE53F}
		{27226B69-2FBE-412E-B995-88E10AA37F69} = {79202EFF-6B44-4EE5-8BC7-46DE8B9A0EDE}
		{F8F0A6E8-9703-48EC-BCBD-680AC9DA4465} = {79202EFF-6B44-4EE5-8BC7-46DE8B9A0EDE}
		{70C45D70-468A-4659-AF38-2C210C220D47} = {79202EFF-6B44-4EE5-8BC7-46DE8B9A0EDE}
	EndGlobalSection
EndGlobal
