
Microsoft Visual Studio Solution File, Format Version 12.00
# Visual Studio Version 17
VisualStudioVersion = 17.0.31903.59
MinimumVisualStudioVersion = 10.0.40219.1
Project("{FAE04EC0-301F-11D3-BF4B-00C04F79EFBC}") = "Zone016.Printer", "Zone016.Printer\Zone016.Printer.csproj", "{F111EBEA-B9D7-401B-92B3-0FB79BFF646B}"
EndProject
Project("{FAE04EC0-301F-11D3-BF4B-00C04F79EFBC}") = "Zone016.Process", "Zone016.Process\Zone016.Process.csproj", "{C4DAA4A5-5266-4FDA-98A9-8B69BD1AE3C6}"
EndProject
Project("{FAE04EC0-301F-11D3-BF4B-00C04F79EFBC}") = "Zone016.Project", "Zone016.Project\Zone016.Project.csproj", "{D0CBDB8F-33F8-41AA-8EAB-80E5F0B77B8C}"
EndProject
Global
	GlobalSection(SolutionConfigurationPlatforms) = preSolution
		Debug|Any CPU = Debug|Any CPU
		Release|Any CPU = Release|Any CPU
	EndGlobalSection
	GlobalSection(SolutionProperties) = preSolution
		HideSolutionNode = FALSE
	EndGlobalSection
	GlobalSection(ProjectConfigurationPlatforms) = postSolution
		{F111EBEA-B9D7-401B-92B3-0FB79BFF646B}.Debug|Any CPU.ActiveCfg = Debug|Any CPU
		{F111EBEA-B9D7-401B-92B3-0FB79BFF646B}.Debug|Any CPU.Build.0 = Debug|Any CPU
		{F111EBEA-B9D7-401B-92B3-0FB79BFF646B}.Release|Any CPU.ActiveCfg = Release|Any CPU
		{F111EBEA-B9D7-401B-92B3-0FB79BFF646B}.Release|Any CPU.Build.0 = Release|Any CPU
		{C4DAA4A5-5266-4FDA-98A9-8B69BD1AE3C6}.Debug|Any CPU.ActiveCfg = Debug|Any CPU
		{C4DAA4A5-5266-4FDA-98A9-8B69BD1AE3C6}.Debug|Any CPU.Build.0 = Debug|Any CPU
		{C4DAA4A5-5266-4FDA-98A9-8B69BD1AE3C6}.Release|Any CPU.ActiveCfg = Release|Any CPU
		{C4DAA4A5-5266-4FDA-98A9-8B69BD1AE3C6}.Release|Any CPU.Build.0 = Release|Any CPU
		{D0CBDB8F-33F8-41AA-8EAB-80E5F0B77B8C}.Debug|Any CPU.ActiveCfg = Debug|Any CPU
		{D0CBDB8F-33F8-41AA-8EAB-80E5F0B77B8C}.Debug|Any CPU.Build.0 = Debug|Any CPU
		{D0CBDB8F-33F8-41AA-8EAB-80E5F0B77B8C}.Release|Any CPU.ActiveCfg = Release|Any CPU
		{D0CBDB8F-33F8-41AA-8EAB-80E5F0B77B8C}.Release|Any CPU.Build.0 = Release|Any CPU
	EndGlobalSection
EndGlobal
