
Microsoft Visual Studio Solution File, Format Version 12.00
# Visual Studio Version 17
VisualStudioVersion = 17.0.31903.59
MinimumVisualStudioVersion = 10.0.40219.1
Project("{2150E333-8FDC-42A3-9474-1A3956D46DE8}") = "src", "src", "{80BF36D2-4070-49BF-A7E3-FC5BDD323F7B}"
EndProject
Project("{2150E333-8FDC-42A3-9474-1A3956D46DE8}") = "Zone016.Boxer", "Zone016.Boxer", "{DEE03381-7301-45D5-A766-B2F26F41E30A}"
EndProject
Project("{FAE04EC0-301F-11D3-BF4B-00C04F79EFBC}") = "Zone016.Boxer", "src\Zone016.Boxer\Zone016.Boxer\Zone016.Boxer.csproj", "{1730C12C-3D16-4ECA-AF74-D58B5DB5422E}"
EndProject
Project("{FAE04EC0-301F-11D3-BF4B-00C04F79EFBC}") = "Zone016.Boxer.Schema", "src\Zone016.Boxer\Zone016.Boxer.Schema\Zone016.Boxer.Schema.csproj", "{09B156AD-85F3-4489-A704-6FCD9B28B34A}"
EndProject
Project("{2150E333-8FDC-42A3-9474-1A3956D46DE8}") = "Zone016.Nexus", "Zone016.Nexus", "{51AACDB2-6DD3-4606-A0A7-654EC088C810}"
EndProject
Project("{FAE04EC0-301F-11D3-BF4B-00C04F79EFBC}") = "Zone016.Nexus", "src\Zone016.Nexus\Zone016.Nexus\Zone016.Nexus.csproj", "{7934D064-2AD0-4118-B20C-3135CD0C7CCE}"
EndProject
Project("{FAE04EC0-301F-11D3-BF4B-00C04F79EFBC}") = "Zone016.Nexus.Schema", "src\Zone016.Nexus\Zone016.Nexus.Schema\Zone016.Nexus.Schema.csproj", "{7018EF51-F531-4818-A01F-1C32B5E3A564}"
EndProject
Project("{2150E333-8FDC-42A3-9474-1A3956D46DE8}") = "Zone016.Osv", "Zone016.Osv", "{3C3463E5-CD84-41ED-8E87-03B7C604B70A}"
EndProject
Project("{FAE04EC0-301F-11D3-BF4B-00C04F79EFBC}") = "Zone016.Osv.Client", "src\Zone016.Osv\Zone016.Osv.Client\Zone016.Osv.Client.csproj", "{77E294C1-8AEA-480A-B6E1-D35DA5EC8888}"
EndProject
Project("{FAE04EC0-301F-11D3-BF4B-00C04F79EFBC}") = "Zone016.Osv.Schema", "src\Zone016.Osv\Zone016.Osv.Schema\Zone016.Osv.Schema.csproj", "{22FB89DD-E1AE-4F31-AA7C-771742B97296}"
EndProject
Project("{FAE04EC0-301F-11D3-BF4B-00C04F79EFBC}") = "Zone016.Typer", "src\Zone016.Typer\Zone016.Typer.csproj", "{1AB09355-E4E6-4101-991F-22BD87E548B5}"
EndProject
Project("{FAE04EC0-301F-11D3-BF4B-00C04F79EFBC}") = "Zone016.Process", "src\Zone016.Process\Zone016.Process.csproj", "{C490E2E3-2BBD-4BA9-8DB9-A4F9D10F2388}"
EndProject
Project("{FAE04EC0-301F-11D3-BF4B-00C04F79EFBC}") = "Zone016.Project", "src\Zone016.Project\Zone016.Project.csproj", "{BC8C9383-A156-4765-85DF-A820D111022D}"
EndProject
Project("{FAE04EC0-301F-11D3-BF4B-00C04F79EFBC}") = "Zone016.Reflector", "src\Zone016.Reflector\Zone016.Reflector.csproj", "{5215F38B-BD5E-4855-83DB-8A100D4E3594}"
EndProject
Project("{2150E333-8FDC-42A3-9474-1A3956D46DE8}") = "tests", "tests", "{0EFAF365-6578-4D7A-8A36-B140B914701E}"
EndProject
Project("{FAE04EC0-301F-11D3-BF4B-00C04F79EFBC}") = "Zone016.Boxer.Tests", "tests\Zone016.Boxer.Tests\Zone016.Boxer.Tests.csproj", "{C6B4F9CA-3AF8-4D0C-A40A-BE8806BE3A86}"
EndProject
Project("{FAE04EC0-301F-11D3-BF4B-00C04F79EFBC}") = "Zone016.Nexus.Tests", "tests\Zone016.Nexus.Tests\Zone016.Nexus.Tests.csproj", "{0790ECF8-6613-4F23-9EAC-E67BDFEC3102}"
EndProject
Project("{FAE04EC0-301F-11D3-BF4B-00C04F79EFBC}") = "Zone016.Osv.Tests", "tests\Zone016.Osv.Tests\Zone016.Osv.Tests.csproj", "{2629BD53-7F83-4469-8EFA-970C52A6D3AD}"
EndProject
Project("{FAE04EC0-301F-11D3-BF4B-00C04F79EFBC}") = "Zone016.Process.Tests", "tests\Zone016.Process.Tests\Zone016.Process.Tests.csproj", "{0346D19B-90CC-4C56-8180-F11F3B46FE59}"
EndProject
Project("{FAE04EC0-301F-11D3-BF4B-00C04F79EFBC}") = "Zone016.Project.Tests", "tests\Zone016.Project.Tests\Zone016.Project.Tests.csproj", "{8FCBAC9A-9D6A-4F97-9887-3DDEAF81D627}"
EndProject
Project("{FAE04EC0-301F-11D3-BF4B-00C04F79EFBC}") = "Zone016.Octopus", "src\Zone016.Octopus\Zone016.Octopus.csproj", "{2D7E02B7-17F6-4FF5-B705-037274A8801B}"
EndProject
Project("{FAE04EC0-301F-11D3-BF4B-00C04F79EFBC}") = "Zone016.Octopus.Tests", "tests\Zone016.Octopus.Tests\Zone016.Octopus.Tests.csproj", "{94AF14FF-4D68-44FA-AACD-DA78BB789708}"
EndProject
Project("{FAE04EC0-301F-11D3-BF4B-00C04F79EFBC}") = "Zone016.Paw", "src\Zone016.Paw\Zone016.Paw.csproj", "{C9C0058F-C795-4CF7-B31E-370B870674E4}"
EndProject
Project("{FAE04EC0-301F-11D3-BF4B-00C04F79EFBC}") = "Zone016.Native.Tests", "tests\Zone016.Native.Tests\Zone016.Native.Tests.csproj", "{E7CF7F5F-AA30-470D-BCEE-CA70FB9F1D29}"
EndProject
Project("{2150E333-8FDC-42A3-9474-1A3956D46DE8}") = "Zone016.Trainers", "Zone016.Trainers", "{63B4195A-327B-4FAB-996A-67ACA3E5F172}"
EndProject
Project("{FAE04EC0-301F-11D3-BF4B-00C04F79EFBC}") = "Zone016.Trainers.SniperElite5", "src\Zone016.Trainers\Zone016.Trainers.SniperElite5\Zone016.Trainers.SniperElite5.csproj", "{22C80740-55CF-47BB-BA77-81ED6B684111}"
EndProject
Project("{2150E333-8FDC-42A3-9474-1A3956D46DE8}") = "Zone016.Native", "Zone016.Native", "{0994144F-839E-434F-9ECD-3B9B3D9500DA}"
EndProject
Project("{FAE04EC0-301F-11D3-BF4B-00C04F79EFBC}") = "Zone016.Native", "src\Zone016.Native\Zone016.Native\Zone016.Native.csproj", "{4E2471A0-0BE0-47E1-84C4-9AFFAFCDAB40}"
EndProject
Project("{FAE04EC0-301F-11D3-BF4B-00C04F79EFBC}") = "Zone016.Native.Dynamite", "src\Zone016.Native\Zone016.Native.Dynamite\Zone016.Native.Dynamite.csproj", "{20B181F8-D7BE-4838-A3F8-9B0EFD4A8288}"
EndProject
Project("{FAE04EC0-301F-11D3-BF4B-00C04F79EFBC}") = "Zone016.Native.Cat", "src\Zone016.Native\Zone016.Native.Cat\Zone016.Native.Cat.csproj", "{5C2E3EBB-C905-4355-8107-7D0CF3E9761F}"
EndProject
Project("{FAE04EC0-301F-11D3-BF4B-00C04F79EFBC}") = "Zone016.Native.Shared", "src\Zone016.Native\Zone016.Native.Shared\Zone016.Native.Shared.csproj", "{72DBA41A-1F9D-40D3-AFCC-2F6D986B550F}"
EndProject
Project("{FAE04EC0-301F-11D3-BF4B-00C04F79EFBC}") = "Zone016.TempExec", "src\Zone016.TempExec\Zone016.TempExec.csproj", "{9AE4A6B0-C848-45D7-AB73-C249DEFF4BD1}"
EndProject
Global
	GlobalSection(SolutionConfigurationPlatforms) = preSolution
		Debug|Any CPU = Debug|Any CPU
		Release|Any CPU = Release|Any CPU
	EndGlobalSection
	GlobalSection(SolutionProperties) = preSolution
		HideSolutionNode = FALSE
	EndGlobalSection
	GlobalSection(ProjectConfigurationPlatforms) = postSolution
		{1730C12C-3D16-4ECA-AF74-D58B5DB5422E}.Debug|Any CPU.ActiveCfg = Debug|Any CPU
		{1730C12C-3D16-4ECA-AF74-D58B5DB5422E}.Debug|Any CPU.Build.0 = Debug|Any CPU
		{1730C12C-3D16-4ECA-AF74-D58B5DB5422E}.Release|Any CPU.ActiveCfg = Release|Any CPU
		{1730C12C-3D16-4ECA-AF74-D58B5DB5422E}.Release|Any CPU.Build.0 = Release|Any CPU
		{09B156AD-85F3-4489-A704-6FCD9B28B34A}.Debug|Any CPU.ActiveCfg = Debug|Any CPU
		{09B156AD-85F3-4489-A704-6FCD9B28B34A}.Debug|Any CPU.Build.0 = Debug|Any CPU
		{09B156AD-85F3-4489-A704-6FCD9B28B34A}.Release|Any CPU.ActiveCfg = Release|Any CPU
		{09B156AD-85F3-4489-A704-6FCD9B28B34A}.Release|Any CPU.Build.0 = Release|Any CPU
		{7934D064-2AD0-4118-B20C-3135CD0C7CCE}.Debug|Any CPU.ActiveCfg = Debug|Any CPU
		{7934D064-2AD0-4118-B20C-3135CD0C7CCE}.Debug|Any CPU.Build.0 = Debug|Any CPU
		{7934D064-2AD0-4118-B20C-3135CD0C7CCE}.Release|Any CPU.ActiveCfg = Release|Any CPU
		{7934D064-2AD0-4118-B20C-3135CD0C7CCE}.Release|Any CPU.Build.0 = Release|Any CPU
		{7018EF51-F531-4818-A01F-1C32B5E3A564}.Debug|Any CPU.ActiveCfg = Debug|Any CPU
		{7018EF51-F531-4818-A01F-1C32B5E3A564}.Debug|Any CPU.Build.0 = Debug|Any CPU
		{7018EF51-F531-4818-A01F-1C32B5E3A564}.Release|Any CPU.ActiveCfg = Release|Any CPU
		{7018EF51-F531-4818-A01F-1C32B5E3A564}.Release|Any CPU.Build.0 = Release|Any CPU
		{77E294C1-8AEA-480A-B6E1-D35DA5EC8888}.Debug|Any CPU.ActiveCfg = Debug|Any CPU
		{77E294C1-8AEA-480A-B6E1-D35DA5EC8888}.Debug|Any CPU.Build.0 = Debug|Any CPU
		{77E294C1-8AEA-480A-B6E1-D35DA5EC8888}.Release|Any CPU.ActiveCfg = Release|Any CPU
		{77E294C1-8AEA-480A-B6E1-D35DA5EC8888}.Release|Any CPU.Build.0 = Release|Any CPU
		{22FB89DD-E1AE-4F31-AA7C-771742B97296}.Debug|Any CPU.ActiveCfg = Debug|Any CPU
		{22FB89DD-E1AE-4F31-AA7C-771742B97296}.Debug|Any CPU.Build.0 = Debug|Any CPU
		{22FB89DD-E1AE-4F31-AA7C-771742B97296}.Release|Any CPU.ActiveCfg = Release|Any CPU
		{22FB89DD-E1AE-4F31-AA7C-771742B97296}.Release|Any CPU.Build.0 = Release|Any CPU
		{1AB09355-E4E6-4101-991F-22BD87E548B5}.Debug|Any CPU.ActiveCfg = Debug|Any CPU
		{1AB09355-E4E6-4101-991F-22BD87E548B5}.Debug|Any CPU.Build.0 = Debug|Any CPU
		{1AB09355-E4E6-4101-991F-22BD87E548B5}.Release|Any CPU.ActiveCfg = Release|Any CPU
		{1AB09355-E4E6-4101-991F-22BD87E548B5}.Release|Any CPU.Build.0 = Release|Any CPU
		{C490E2E3-2BBD-4BA9-8DB9-A4F9D10F2388}.Debug|Any CPU.ActiveCfg = Debug|Any CPU
		{C490E2E3-2BBD-4BA9-8DB9-A4F9D10F2388}.Debug|Any CPU.Build.0 = Debug|Any CPU
		{C490E2E3-2BBD-4BA9-8DB9-A4F9D10F2388}.Release|Any CPU.ActiveCfg = Release|Any CPU
		{C490E2E3-2BBD-4BA9-8DB9-A4F9D10F2388}.Release|Any CPU.Build.0 = Release|Any CPU
		{BC8C9383-A156-4765-85DF-A820D111022D}.Debug|Any CPU.ActiveCfg = Debug|Any CPU
		{BC8C9383-A156-4765-85DF-A820D111022D}.Debug|Any CPU.Build.0 = Debug|Any CPU
		{BC8C9383-A156-4765-85DF-A820D111022D}.Release|Any CPU.ActiveCfg = Release|Any CPU
		{BC8C9383-A156-4765-85DF-A820D111022D}.Release|Any CPU.Build.0 = Release|Any CPU
		{5215F38B-BD5E-4855-83DB-8A100D4E3594}.Debug|Any CPU.ActiveCfg = Debug|Any CPU
		{5215F38B-BD5E-4855-83DB-8A100D4E3594}.Debug|Any CPU.Build.0 = Debug|Any CPU
		{5215F38B-BD5E-4855-83DB-8A100D4E3594}.Release|Any CPU.ActiveCfg = Release|Any CPU
		{5215F38B-BD5E-4855-83DB-8A100D4E3594}.Release|Any CPU.Build.0 = Release|Any CPU
		{C6B4F9CA-3AF8-4D0C-A40A-BE8806BE3A86}.Debug|Any CPU.ActiveCfg = Debug|Any CPU
		{C6B4F9CA-3AF8-4D0C-A40A-BE8806BE3A86}.Debug|Any CPU.Build.0 = Debug|Any CPU
		{C6B4F9CA-3AF8-4D0C-A40A-BE8806BE3A86}.Release|Any CPU.ActiveCfg = Release|Any CPU
		{C6B4F9CA-3AF8-4D0C-A40A-BE8806BE3A86}.Release|Any CPU.Build.0 = Release|Any CPU
		{0790ECF8-6613-4F23-9EAC-E67BDFEC3102}.Debug|Any CPU.ActiveCfg = Debug|Any CPU
		{0790ECF8-6613-4F23-9EAC-E67BDFEC3102}.Debug|Any CPU.Build.0 = Debug|Any CPU
		{0790ECF8-6613-4F23-9EAC-E67BDFEC3102}.Release|Any CPU.ActiveCfg = Release|Any CPU
		{0790ECF8-6613-4F23-9EAC-E67BDFEC3102}.Release|Any CPU.Build.0 = Release|Any CPU
		{2629BD53-7F83-4469-8EFA-970C52A6D3AD}.Debug|Any CPU.ActiveCfg = Debug|Any CPU
		{2629BD53-7F83-4469-8EFA-970C52A6D3AD}.Debug|Any CPU.Build.0 = Debug|Any CPU
		{2629BD53-7F83-4469-8EFA-970C52A6D3AD}.Release|Any CPU.ActiveCfg = Release|Any CPU
		{2629BD53-7F83-4469-8EFA-970C52A6D3AD}.Release|Any CPU.Build.0 = Release|Any CPU
		{0346D19B-90CC-4C56-8180-F11F3B46FE59}.Debug|Any CPU.ActiveCfg = Debug|Any CPU
		{0346D19B-90CC-4C56-8180-F11F3B46FE59}.Debug|Any CPU.Build.0 = Debug|Any CPU
		{0346D19B-90CC-4C56-8180-F11F3B46FE59}.Release|Any CPU.ActiveCfg = Release|Any CPU
		{0346D19B-90CC-4C56-8180-F11F3B46FE59}.Release|Any CPU.Build.0 = Release|Any CPU
		{8FCBAC9A-9D6A-4F97-9887-3DDEAF81D627}.Debug|Any CPU.ActiveCfg = Debug|Any CPU
		{8FCBAC9A-9D6A-4F97-9887-3DDEAF81D627}.Debug|Any CPU.Build.0 = Debug|Any CPU
		{8FCBAC9A-9D6A-4F97-9887-3DDEAF81D627}.Release|Any CPU.ActiveCfg = Release|Any CPU
		{8FCBAC9A-9D6A-4F97-9887-3DDEAF81D627}.Release|Any CPU.Build.0 = Release|Any CPU
		{A246AB03-54F0-4F65-BC09-E5FDB77DD9DD}.Debug|Any CPU.ActiveCfg = Debug|Any CPU
		{A246AB03-54F0-4F65-BC09-E5FDB77DD9DD}.Debug|Any CPU.Build.0 = Debug|Any CPU
		{A246AB03-54F0-4F65-BC09-E5FDB77DD9DD}.Release|Any CPU.ActiveCfg = Release|Any CPU
		{A246AB03-54F0-4F65-BC09-E5FDB77DD9DD}.Release|Any CPU.Build.0 = Release|Any CPU
		{2D7E02B7-17F6-4FF5-B705-037274A8801B}.Debug|Any CPU.ActiveCfg = Debug|Any CPU
		{2D7E02B7-17F6-4FF5-B705-037274A8801B}.Debug|Any CPU.Build.0 = Debug|Any CPU
		{2D7E02B7-17F6-4FF5-B705-037274A8801B}.Release|Any CPU.ActiveCfg = Release|Any CPU
		{2D7E02B7-17F6-4FF5-B705-037274A8801B}.Release|Any CPU.Build.0 = Release|Any CPU
		{94AF14FF-4D68-44FA-AACD-DA78BB789708}.Debug|Any CPU.ActiveCfg = Debug|Any CPU
		{94AF14FF-4D68-44FA-AACD-DA78BB789708}.Debug|Any CPU.Build.0 = Debug|Any CPU
		{94AF14FF-4D68-44FA-AACD-DA78BB789708}.Release|Any CPU.ActiveCfg = Release|Any CPU
		{94AF14FF-4D68-44FA-AACD-DA78BB789708}.Release|Any CPU.Build.0 = Release|Any CPU
		{C9C0058F-C795-4CF7-B31E-370B870674E4}.Debug|Any CPU.ActiveCfg = Debug|Any CPU
		{C9C0058F-C795-4CF7-B31E-370B870674E4}.Debug|Any CPU.Build.0 = Debug|Any CPU
		{C9C0058F-C795-4CF7-B31E-370B870674E4}.Release|Any CPU.ActiveCfg = Release|Any CPU
		{C9C0058F-C795-4CF7-B31E-370B870674E4}.Release|Any CPU.Build.0 = Release|Any CPU
		{E7CF7F5F-AA30-470D-BCEE-CA70FB9F1D29}.Debug|Any CPU.ActiveCfg = Debug|Any CPU
		{E7CF7F5F-AA30-470D-BCEE-CA70FB9F1D29}.Debug|Any CPU.Build.0 = Debug|Any CPU
		{E7CF7F5F-AA30-470D-BCEE-CA70FB9F1D29}.Release|Any CPU.ActiveCfg = Release|Any CPU
		{E7CF7F5F-AA30-470D-BCEE-CA70FB9F1D29}.Release|Any CPU.Build.0 = Release|Any CPU
		{22C80740-55CF-47BB-BA77-81ED6B684111}.Debug|Any CPU.ActiveCfg = Debug|Any CPU
		{22C80740-55CF-47BB-BA77-81ED6B684111}.Debug|Any CPU.Build.0 = Debug|Any CPU
		{22C80740-55CF-47BB-BA77-81ED6B684111}.Release|Any CPU.ActiveCfg = Release|Any CPU
		{22C80740-55CF-47BB-BA77-81ED6B684111}.Release|Any CPU.Build.0 = Release|Any CPU
		{4E2471A0-0BE0-47E1-84C4-9AFFAFCDAB40}.Debug|Any CPU.ActiveCfg = Debug|Any CPU
		{4E2471A0-0BE0-47E1-84C4-9AFFAFCDAB40}.Debug|Any CPU.Build.0 = Debug|Any CPU
		{4E2471A0-0BE0-47E1-84C4-9AFFAFCDAB40}.Release|Any CPU.ActiveCfg = Release|Any CPU
		{4E2471A0-0BE0-47E1-84C4-9AFFAFCDAB40}.Release|Any CPU.Build.0 = Release|Any CPU
		{20B181F8-D7BE-4838-A3F8-9B0EFD4A8288}.Debug|Any CPU.ActiveCfg = Debug|Any CPU
		{20B181F8-D7BE-4838-A3F8-9B0EFD4A8288}.Debug|Any CPU.Build.0 = Debug|Any CPU
		{20B181F8-D7BE-4838-A3F8-9B0EFD4A8288}.Release|Any CPU.ActiveCfg = Release|Any CPU
		{20B181F8-D7BE-4838-A3F8-9B0EFD4A8288}.Release|Any CPU.Build.0 = Release|Any CPU
		{5C2E3EBB-C905-4355-8107-7D0CF3E9761F}.Debug|Any CPU.ActiveCfg = Debug|Any CPU
		{5C2E3EBB-C905-4355-8107-7D0CF3E9761F}.Debug|Any CPU.Build.0 = Debug|Any CPU
		{5C2E3EBB-C905-4355-8107-7D0CF3E9761F}.Release|Any CPU.ActiveCfg = Release|Any CPU
		{5C2E3EBB-C905-4355-8107-7D0CF3E9761F}.Release|Any CPU.Build.0 = Release|Any CPU
		{72DBA41A-1F9D-40D3-AFCC-2F6D986B550F}.Debug|Any CPU.ActiveCfg = Debug|Any CPU
		{72DBA41A-1F9D-40D3-AFCC-2F6D986B550F}.Debug|Any CPU.Build.0 = Debug|Any CPU
		{72DBA41A-1F9D-40D3-AFCC-2F6D986B550F}.Release|Any CPU.ActiveCfg = Release|Any CPU
		{72DBA41A-1F9D-40D3-AFCC-2F6D986B550F}.Release|Any CPU.Build.0 = Release|Any CPU
		{9AE4A6B0-C848-45D7-AB73-C249DEFF4BD1}.Debug|Any CPU.ActiveCfg = Debug|Any CPU
		{9AE4A6B0-C848-45D7-AB73-C249DEFF4BD1}.Debug|Any CPU.Build.0 = Debug|Any CPU
		{9AE4A6B0-C848-45D7-AB73-C249DEFF4BD1}.Release|Any CPU.ActiveCfg = Release|Any CPU
		{9AE4A6B0-C848-45D7-AB73-C249DEFF4BD1}.Release|Any CPU.Build.0 = Release|Any CPU
	EndGlobalSection
	GlobalSection(NestedProjects) = preSolution
		{DEE03381-7301-45D5-A766-B2F26F41E30A} = {80BF36D2-4070-49BF-A7E3-FC5BDD323F7B}
		{1730C12C-3D16-4ECA-AF74-D58B5DB5422E} = {DEE03381-7301-45D5-A766-B2F26F41E30A}
		{09B156AD-85F3-4489-A704-6FCD9B28B34A} = {DEE03381-7301-45D5-A766-B2F26F41E30A}
		{51AACDB2-6DD3-4606-A0A7-654EC088C810} = {80BF36D2-4070-49BF-A7E3-FC5BDD323F7B}
		{7934D064-2AD0-4118-B20C-3135CD0C7CCE} = {51AACDB2-6DD3-4606-A0A7-654EC088C810}
		{7018EF51-F531-4818-A01F-1C32B5E3A564} = {51AACDB2-6DD3-4606-A0A7-654EC088C810}
		{3C3463E5-CD84-41ED-8E87-03B7C604B70A} = {80BF36D2-4070-49BF-A7E3-FC5BDD323F7B}
		{77E294C1-8AEA-480A-B6E1-D35DA5EC8888} = {3C3463E5-CD84-41ED-8E87-03B7C604B70A}
		{22FB89DD-E1AE-4F31-AA7C-771742B97296} = {3C3463E5-CD84-41ED-8E87-03B7C604B70A}
		{1AB09355-E4E6-4101-991F-22BD87E548B5} = {80BF36D2-4070-49BF-A7E3-FC5BDD323F7B}
		{C490E2E3-2BBD-4BA9-8DB9-A4F9D10F2388} = {80BF36D2-4070-49BF-A7E3-FC5BDD323F7B}
		{BC8C9383-A156-4765-85DF-A820D111022D} = {80BF36D2-4070-49BF-A7E3-FC5BDD323F7B}
		{5215F38B-BD5E-4855-83DB-8A100D4E3594} = {80BF36D2-4070-49BF-A7E3-FC5BDD323F7B}
		{C6B4F9CA-3AF8-4D0C-A40A-BE8806BE3A86} = {0EFAF365-6578-4D7A-8A36-B140B914701E}
		{0790ECF8-6613-4F23-9EAC-E67BDFEC3102} = {0EFAF365-6578-4D7A-8A36-B140B914701E}
		{2629BD53-7F83-4469-8EFA-970C52A6D3AD} = {0EFAF365-6578-4D7A-8A36-B140B914701E}
		{0346D19B-90CC-4C56-8180-F11F3B46FE59} = {0EFAF365-6578-4D7A-8A36-B140B914701E}
		{8FCBAC9A-9D6A-4F97-9887-3DDEAF81D627} = {0EFAF365-6578-4D7A-8A36-B140B914701E}
		{2D7E02B7-17F6-4FF5-B705-037274A8801B} = {80BF36D2-4070-49BF-A7E3-FC5BDD323F7B}
		{94AF14FF-4D68-44FA-AACD-DA78BB789708} = {0EFAF365-6578-4D7A-8A36-B140B914701E}
		{C9C0058F-C795-4CF7-B31E-370B870674E4} = {80BF36D2-4070-49BF-A7E3-FC5BDD323F7B}
		{E7CF7F5F-AA30-470D-BCEE-CA70FB9F1D29} = {0EFAF365-6578-4D7A-8A36-B140B914701E}
		{63B4195A-327B-4FAB-996A-67ACA3E5F172} = {80BF36D2-4070-49BF-A7E3-FC5BDD323F7B}
		{22C80740-55CF-47BB-BA77-81ED6B684111} = {63B4195A-327B-4FAB-996A-67ACA3E5F172}
		{0994144F-839E-434F-9ECD-3B9B3D9500DA} = {80BF36D2-4070-49BF-A7E3-FC5BDD323F7B}
		{4E2471A0-0BE0-47E1-84C4-9AFFAFCDAB40} = {0994144F-839E-434F-9ECD-3B9B3D9500DA}
		{20B181F8-D7BE-4838-A3F8-9B0EFD4A8288} = {0994144F-839E-434F-9ECD-3B9B3D9500DA}
		{5C2E3EBB-C905-4355-8107-7D0CF3E9761F} = {0994144F-839E-434F-9ECD-3B9B3D9500DA}
		{72DBA41A-1F9D-40D3-AFCC-2F6D986B550F} = {0994144F-839E-434F-9ECD-3B9B3D9500DA}
		{9AE4A6B0-C848-45D7-AB73-C249DEFF4BD1} = {80BF36D2-4070-49BF-A7E3-FC5BDD323F7B}
	EndGlobalSection
EndGlobal
