
Microsoft Visual Studio Solution File, Format Version 12.00
# Visual Studio Version 17
VisualStudioVersion = 17.0.31903.59
MinimumVisualStudioVersion = 10.0.40219.1
Project("{FAE04EC0-301F-11D3-BF4B-00C04F79EFBC}") = "Zone016.Printer", "Zone016.Printer\Zone016.Printer.csproj", "{F111EBEA-B9D7-401B-92B3-0FB79BFF646B}"
EndProject
Project("{FAE04EC0-301F-11D3-BF4B-00C04F79EFBC}") = "Zone016.Process", "Zone016.Process\Zone016.Process.csproj", "{C4DAA4A5-5266-4FDA-98A9-8B69BD1AE3C6}"
EndProject
Project("{FAE04EC0-301F-11D3-BF4B-00C04F79EFBC}") = "Zone016.Project", "Zone016.Project\Zone016.Project.csproj", "{D0CBDB8F-33F8-41AA-8EAB-80E5F0B77B8C}"
EndProject
Project("{FAE04EC0-301F-11D3-BF4B-00C04F79EFBC}") = "Zone016.Reflector", "Zone016.Reflector\Zone016.Reflector.csproj", "{52D0B731-2D73-43A8-907E-FEB8CA122A4A}"
EndProject
Project("{FAE04EC0-301F-11D3-BF4B-00C04F79EFBC}") = "Zone016.Process.Tests", "Zone016.Process.Tests\Zone016.Process.Tests.csproj", "{5A9964D9-3A83-4823-A05E-C81F0004B7B0}"
EndProject
Project("{FAE04EC0-301F-11D3-BF4B-00C04F79EFBC}") = "Zone016.Nexus", "Zone016.Nexus\Zone016.Nexus.csproj", "{B1F6E501-0A2E-42BB-A86D-2AC95964F9C7}"
EndProject
Project("{2150E333-8FDC-42A3-9474-1A3956D46DE8}") = "Nexus Client", "Nexus Client", "{7671CFF7-DFF6-411C-BF55-4B5582C2F1C1}"
EndProject
Project("{FAE04EC0-301F-11D3-BF4B-00C04F79EFBC}") = "Zone016.Nexus.Schema", "Zone016.Nexus.Schema\Zone016.Nexus.Schema.csproj", "{5D1FA838-6A0B-40C0-880E-ABC48434A143}"
EndProject
Project("{FAE04EC0-301F-11D3-BF4B-00C04F79EFBC}") = "Zone016.Nexus.Tests", "Zone016.Nexus.Tests\Zone016.Nexus.Tests.csproj", "{D1AF9B10-A642-435F-B919-3E9B6116AE68}"
EndProject
Project("{2150E333-8FDC-42A3-9474-1A3956D46DE8}") = "Process", "Process", "{EDC9B99C-02AF-491B-88C1-496562EBE53F}"
EndProject
Project("{FAE04EC0-301F-11D3-BF4B-00C04F79EFBC}") = "Zone016.Boxer", "Zone016.Boxer\Zone016.Boxer.csproj", "{27226B69-2FBE-412E-B995-88E10AA37F69}"
EndProject
Project("{2150E333-8FDC-42A3-9474-1A3956D46DE8}") = "Boxer", "Boxer", "{79202EFF-6B44-4EE5-8BC7-46DE8B9A0EDE}"
EndProject
Project("{FAE04EC0-301F-11D3-BF4B-00C04F79EFBC}") = "Zone016.Boxer.Tests", "Zone016.Boxer.Tests\Zone016.Boxer.Tests.csproj", "{F8F0A6E8-9703-48EC-BCBD-680AC9DA4465}"
EndProject
Project("{FAE04EC0-301F-11D3-BF4B-00C04F79EFBC}") = "Zone016.Boxer.Schema", "Zone016.Boxer.Schema\Zone016.Boxer.Schema.csproj", "{70C45D70-468A-4659-AF38-2C210C220D47}"
EndProject
Project("{2150E333-8FDC-42A3-9474-1A3956D46DE8}") = "Notion Client", "Notion Client", "{F86FCA05-E4DC-496C-8BC8-D763B91F6B76}"
EndProject
Project("{FAE04EC0-301F-11D3-BF4B-00C04F79EFBC}") = "Zone016.Notion", "Zone016.Notion\Zone016.Notion.csproj", "{58205AAB-1E1E-4BCF-A983-2B470CA25264}"
EndProject
Project("{FAE04EC0-301F-11D3-BF4B-00C04F79EFBC}") = "Zone016.Notion.Scheme", "Zone016.Notion.Scheme\Zone016.Notion.Scheme.csproj", "{5B4A65F9-2D73-4CC7-9415-4E4B43F467DF}"
EndProject
Project("{FAE04EC0-301F-11D3-BF4B-00C04F79EFBC}") = "Zone016.Notion.Tests", "Zone016.Notion.Tests\Zone016.Notion.Tests.csproj", "{9128DA4E-ED62-4D51-9083-C16A66941CE9}"
EndProject
Project("{2150E333-8FDC-42A3-9474-1A3956D46DE8}") = "Tools", "Tools", "{1B1CEB7F-E6CA-4641-B1D8-102C1146E51A}"
EndProject
Project("{FAE04EC0-301F-11D3-BF4B-00C04F79EFBC}") = "Zone016.Clock", "Zone016.Clock\Zone016.Clock.csproj", "{DFC79C3A-1D86-4CCF-8AE9-E1BEE0858105}"
EndProject
Project("{2150E333-8FDC-42A3-9474-1A3956D46DE8}") = "Cookie", "Cookie", "{6B52D0CE-699A-40D8-B6E8-8E84922BA249}"
EndProject
Project("{FAE04EC0-301F-11D3-BF4B-00C04F79EFBC}") = "Zone016.Cookie.Shared", "Zone016.Cookie.Shared\Zone016.Cookie.Shared.csproj", "{49FD03A5-0008-4BA2-9567-49F490E9EDF2}"
EndProject
Project("{FAE04EC0-301F-11D3-BF4B-00C04F79EFBC}") = "Zone016.Cookie.Server", "Zone016.Cookie.Server\Zone016.Cookie.Server.csproj", "{AE617D14-CB14-4385-8E5C-73308BF542DE}"
EndProject
Project("{FAE04EC0-301F-11D3-BF4B-00C04F79EFBC}") = "Zone016.Cookie.Client", "Zone016.Cookie.Client\Zone016.Cookie.Client.csproj", "{4C643A0F-896B-4881-A9D9-5802139F565F}"
EndProject
Project("{2150E333-8FDC-42A3-9474-1A3956D46DE8}") = "OSV", "OSV", "{AA89F36B-0F88-4832-A335-EF09FDA3B38F}"
EndProject
Project("{2150E333-8FDC-42A3-9474-1A3956D46DE8}") = "Memory", "Memory", "{83476F82-8EBC-4127-AF0B-95BB2F3C6850}"
EndProject
Project("{FAE04EC0-301F-11D3-BF4B-00C04F79EFBC}") = "Zone016.Osv.Client", "Zone016.Osv.Client\Zone016.Osv.Client.csproj", "{C28BF086-DD6D-4822-A288-831A0BB9010B}"
EndProject
Project("{FAE04EC0-301F-11D3-BF4B-00C04F79EFBC}") = "Zone016.Osv.Schema", "Zone016.Osv.Schema\Zone016.Osv.Schema.csproj", "{2A0543A8-984E-44A5-9587-C091BF16AB18}"
EndProject
Project("{FAE04EC0-301F-11D3-BF4B-00C04F79EFBC}") = "Zone016.Osv.Tests", "Zone016.Osv.Tests\Zone016.Osv.Tests.csproj", "{4BFD0A67-BE42-41C8-BE29-FFA150FE5587}"
EndProject
Global
	GlobalSection(SolutionConfigurationPlatforms) = preSolution
		Debug|Any CPU = Debug|Any CPU
		Release|Any CPU = Release|Any CPU
	EndGlobalSection
	GlobalSection(SolutionProperties) = preSolution
		HideSolutionNode = FALSE
	EndGlobalSection
	GlobalSection(ProjectConfigurationPlatforms) = postSolution
		{F111EBEA-B9D7-401B-92B3-0FB79BFF646B}.Debug|Any CPU.ActiveCfg = Debug|Any CPU
		{F111EBEA-B9D7-401B-92B3-0FB79BFF646B}.Debug|Any CPU.Build.0 = Debug|Any CPU
		{F111EBEA-B9D7-401B-92B3-0FB79BFF646B}.Release|Any CPU.ActiveCfg = Release|Any CPU
		{F111EBEA-B9D7-401B-92B3-0FB79BFF646B}.Release|Any CPU.Build.0 = Release|Any CPU
		{C4DAA4A5-5266-4FDA-98A9-8B69BD1AE3C6}.Debug|Any CPU.ActiveCfg = Debug|Any CPU
		{C4DAA4A5-5266-4FDA-98A9-8B69BD1AE3C6}.Debug|Any CPU.Build.0 = Debug|Any CPU
		{C4DAA4A5-5266-4FDA-98A9-8B69BD1AE3C6}.Release|Any CPU.ActiveCfg = Release|Any CPU
		{C4DAA4A5-5266-4FDA-98A9-8B69BD1AE3C6}.Release|Any CPU.Build.0 = Release|Any CPU
		{D0CBDB8F-33F8-41AA-8EAB-80E5F0B77B8C}.Debug|Any CPU.ActiveCfg = Debug|Any CPU
		{D0CBDB8F-33F8-41AA-8EAB-80E5F0B77B8C}.Debug|Any CPU.Build.0 = Debug|Any CPU
		{D0CBDB8F-33F8-41AA-8EAB-80E5F0B77B8C}.Release|Any CPU.ActiveCfg = Release|Any CPU
		{D0CBDB8F-33F8-41AA-8EAB-80E5F0B77B8C}.Release|Any CPU.Build.0 = Release|Any CPU
		{52D0B731-2D73-43A8-907E-FEB8CA122A4A}.Debug|Any CPU.ActiveCfg = Debug|Any CPU
		{52D0B731-2D73-43A8-907E-FEB8CA122A4A}.Debug|Any CPU.Build.0 = Debug|Any CPU
		{52D0B731-2D73-43A8-907E-FEB8CA122A4A}.Release|Any CPU.ActiveCfg = Release|Any CPU
		{52D0B731-2D73-43A8-907E-FEB8CA122A4A}.Release|Any CPU.Build.0 = Release|Any CPU
		{5A9964D9-3A83-4823-A05E-C81F0004B7B0}.Debug|Any CPU.ActiveCfg = Debug|Any CPU
		{5A9964D9-3A83-4823-A05E-C81F0004B7B0}.Debug|Any CPU.Build.0 = Debug|Any CPU
		{5A9964D9-3A83-4823-A05E-C81F0004B7B0}.Release|Any CPU.ActiveCfg = Release|Any CPU
		{5A9964D9-3A83-4823-A05E-C81F0004B7B0}.Release|Any CPU.Build.0 = Release|Any CPU
		{B1F6E501-0A2E-42BB-A86D-2AC95964F9C7}.Debug|Any CPU.ActiveCfg = Debug|Any CPU
		{B1F6E501-0A2E-42BB-A86D-2AC95964F9C7}.Debug|Any CPU.Build.0 = Debug|Any CPU
		{B1F6E501-0A2E-42BB-A86D-2AC95964F9C7}.Release|Any CPU.ActiveCfg = Release|Any CPU
		{B1F6E501-0A2E-42BB-A86D-2AC95964F9C7}.Release|Any CPU.Build.0 = Release|Any CPU
		{5D1FA838-6A0B-40C0-880E-ABC48434A143}.Debug|Any CPU.ActiveCfg = Debug|Any CPU
		{5D1FA838-6A0B-40C0-880E-ABC48434A143}.Debug|Any CPU.Build.0 = Debug|Any CPU
		{5D1FA838-6A0B-40C0-880E-ABC48434A143}.Release|Any CPU.ActiveCfg = Release|Any CPU
		{5D1FA838-6A0B-40C0-880E-ABC48434A143}.Release|Any CPU.Build.0 = Release|Any CPU
		{D1AF9B10-A642-435F-B919-3E9B6116AE68}.Debug|Any CPU.ActiveCfg = Debug|Any CPU
		{D1AF9B10-A642-435F-B919-3E9B6116AE68}.Debug|Any CPU.Build.0 = Debug|Any CPU
		{D1AF9B10-A642-435F-B919-3E9B6116AE68}.Release|Any CPU.ActiveCfg = Release|Any CPU
		{D1AF9B10-A642-435F-B919-3E9B6116AE68}.Release|Any CPU.Build.0 = Release|Any CPU
		{27226B69-2FBE-412E-B995-88E10AA37F69}.Debug|Any CPU.ActiveCfg = Debug|Any CPU
		{27226B69-2FBE-412E-B995-88E10AA37F69}.Debug|Any CPU.Build.0 = Debug|Any CPU
		{27226B69-2FBE-412E-B995-88E10AA37F69}.Release|Any CPU.ActiveCfg = Release|Any CPU
		{27226B69-2FBE-412E-B995-88E10AA37F69}.Release|Any CPU.Build.0 = Release|Any CPU
		{F8F0A6E8-9703-48EC-BCBD-680AC9DA4465}.Debug|Any CPU.ActiveCfg = Debug|Any CPU
		{F8F0A6E8-9703-48EC-BCBD-680AC9DA4465}.Debug|Any CPU.Build.0 = Debug|Any CPU
		{F8F0A6E8-9703-48EC-BCBD-680AC9DA4465}.Release|Any CPU.ActiveCfg = Release|Any CPU
		{F8F0A6E8-9703-48EC-BCBD-680AC9DA4465}.Release|Any CPU.Build.0 = Release|Any CPU
		{70C45D70-468A-4659-AF38-2C210C220D47}.Debug|Any CPU.ActiveCfg = Debug|Any CPU
		{70C45D70-468A-4659-AF38-2C210C220D47}.Debug|Any CPU.Build.0 = Debug|Any CPU
		{70C45D70-468A-4659-AF38-2C210C220D47}.Release|Any CPU.ActiveCfg = Release|Any CPU
		{70C45D70-468A-4659-AF38-2C210C220D47}.Release|Any CPU.Build.0 = Release|Any CPU
		{58205AAB-1E1E-4BCF-A983-2B470CA25264}.Debug|Any CPU.ActiveCfg = Debug|Any CPU
		{58205AAB-1E1E-4BCF-A983-2B470CA25264}.Debug|Any CPU.Build.0 = Debug|Any CPU
		{58205AAB-1E1E-4BCF-A983-2B470CA25264}.Release|Any CPU.ActiveCfg = Release|Any CPU
		{58205AAB-1E1E-4BCF-A983-2B470CA25264}.Release|Any CPU.Build.0 = Release|Any CPU
		{5B4A65F9-2D73-4CC7-9415-4E4B43F467DF}.Debug|Any CPU.ActiveCfg = Debug|Any CPU
		{5B4A65F9-2D73-4CC7-9415-4E4B43F467DF}.Debug|Any CPU.Build.0 = Debug|Any CPU
		{5B4A65F9-2D73-4CC7-9415-4E4B43F467DF}.Release|Any CPU.ActiveCfg = Release|Any CPU
		{5B4A65F9-2D73-4CC7-9415-4E4B43F467DF}.Release|Any CPU.Build.0 = Release|Any CPU
		{9128DA4E-ED62-4D51-9083-C16A66941CE9}.Debug|Any CPU.ActiveCfg = Debug|Any CPU
		{9128DA4E-ED62-4D51-9083-C16A66941CE9}.Debug|Any CPU.Build.0 = Debug|Any CPU
		{9128DA4E-ED62-4D51-9083-C16A66941CE9}.Release|Any CPU.ActiveCfg = Release|Any CPU
		{9128DA4E-ED62-4D51-9083-C16A66941CE9}.Release|Any CPU.Build.0 = Release|Any CPU
		{DFC79C3A-1D86-4CCF-8AE9-E1BEE0858105}.Debug|Any CPU.ActiveCfg = Debug|Any CPU
		{DFC79C3A-1D86-4CCF-8AE9-E1BEE0858105}.Debug|Any CPU.Build.0 = Debug|Any CPU
		{DFC79C3A-1D86-4CCF-8AE9-E1BEE0858105}.Release|Any CPU.ActiveCfg = Release|Any CPU
		{DFC79C3A-1D86-4CCF-8AE9-E1BEE0858105}.Release|Any CPU.Build.0 = Release|Any CPU
		{49FD03A5-0008-4BA2-9567-49F490E9EDF2}.Debug|Any CPU.ActiveCfg = Debug|Any CPU
		{49FD03A5-0008-4BA2-9567-49F490E9EDF2}.Debug|Any CPU.Build.0 = Debug|Any CPU
		{49FD03A5-0008-4BA2-9567-49F490E9EDF2}.Release|Any CPU.ActiveCfg = Release|Any CPU
		{49FD03A5-0008-4BA2-9567-49F490E9EDF2}.Release|Any CPU.Build.0 = Release|Any CPU
		{AE617D14-CB14-4385-8E5C-73308BF542DE}.Debug|Any CPU.ActiveCfg = Debug|Any CPU
		{AE617D14-CB14-4385-8E5C-73308BF542DE}.Debug|Any CPU.Build.0 = Debug|Any CPU
		{AE617D14-CB14-4385-8E5C-73308BF542DE}.Release|Any CPU.ActiveCfg = Release|Any CPU
		{AE617D14-CB14-4385-8E5C-73308BF542DE}.Release|Any CPU.Build.0 = Release|Any CPU
		{4C643A0F-896B-4881-A9D9-5802139F565F}.Debug|Any CPU.ActiveCfg = Debug|Any CPU
		{4C643A0F-896B-4881-A9D9-5802139F565F}.Debug|Any CPU.Build.0 = Debug|Any CPU
		{4C643A0F-896B-4881-A9D9-5802139F565F}.Release|Any CPU.ActiveCfg = Release|Any CPU
		{4C643A0F-896B-4881-A9D9-5802139F565F}.Release|Any CPU.Build.0 = Release|Any CPU
		{C28BF086-DD6D-4822-A288-831A0BB9010B}.Debug|Any CPU.ActiveCfg = Debug|Any CPU
		{C28BF086-DD6D-4822-A288-831A0BB9010B}.Debug|Any CPU.Build.0 = Debug|Any CPU
		{C28BF086-DD6D-4822-A288-831A0BB9010B}.Release|Any CPU.ActiveCfg = Release|Any CPU
		{C28BF086-DD6D-4822-A288-831A0BB9010B}.Release|Any CPU.Build.0 = Release|Any CPU
		{2A0543A8-984E-44A5-9587-C091BF16AB18}.Debug|Any CPU.ActiveCfg = Debug|Any CPU
		{2A0543A8-984E-44A5-9587-C091BF16AB18}.Debug|Any CPU.Build.0 = Debug|Any CPU
		{2A0543A8-984E-44A5-9587-C091BF16AB18}.Release|Any CPU.ActiveCfg = Release|Any CPU
		{2A0543A8-984E-44A5-9587-C091BF16AB18}.Release|Any CPU.Build.0 = Release|Any CPU
		{4BFD0A67-BE42-41C8-BE29-FFA150FE5587}.Debug|Any CPU.ActiveCfg = Debug|Any CPU
		{4BFD0A67-BE42-41C8-BE29-FFA150FE5587}.Debug|Any CPU.Build.0 = Debug|Any CPU
		{4BFD0A67-BE42-41C8-BE29-FFA150FE5587}.Release|Any CPU.ActiveCfg = Release|Any CPU
		{4BFD0A67-BE42-41C8-BE29-FFA150FE5587}.Release|Any CPU.Build.0 = Release|Any CPU
	EndGlobalSection
	GlobalSection(NestedProjects) = preSolution
		{B1F6E501-0A2E-42BB-A86D-2AC95964F9C7} = {7671CFF7-DFF6-411C-BF55-4B5582C2F1C1}
		{5D1FA838-6A0B-40C0-880E-ABC48434A143} = {7671CFF7-DFF6-411C-BF55-4B5582C2F1C1}
		{D1AF9B10-A642-435F-B919-3E9B6116AE68} = {7671CFF7-DFF6-411C-BF55-4B5582C2F1C1}
		{C4DAA4A5-5266-4FDA-98A9-8B69BD1AE3C6} = {EDC9B99C-02AF-491B-88C1-496562EBE53F}
		{5A9964D9-3A83-4823-A05E-C81F0004B7B0} = {EDC9B99C-02AF-491B-88C1-496562EBE53F}
		{27226B69-2FBE-412E-B995-88E10AA37F69} = {79202EFF-6B44-4EE5-8BC7-46DE8B9A0EDE}
		{F8F0A6E8-9703-48EC-BCBD-680AC9DA4465} = {79202EFF-6B44-4EE5-8BC7-46DE8B9A0EDE}
		{70C45D70-468A-4659-AF38-2C210C220D47} = {79202EFF-6B44-4EE5-8BC7-46DE8B9A0EDE}
		{58205AAB-1E1E-4BCF-A983-2B470CA25264} = {F86FCA05-E4DC-496C-8BC8-D763B91F6B76}
		{5B4A65F9-2D73-4CC7-9415-4E4B43F467DF} = {F86FCA05-E4DC-496C-8BC8-D763B91F6B76}
		{9128DA4E-ED62-4D51-9083-C16A66941CE9} = {F86FCA05-E4DC-496C-8BC8-D763B91F6B76}
		{DFC79C3A-1D86-4CCF-8AE9-E1BEE0858105} = {1B1CEB7F-E6CA-4641-B1D8-102C1146E51A}
		{49FD03A5-0008-4BA2-9567-49F490E9EDF2} = {6B52D0CE-699A-40D8-B6E8-8E84922BA249}
		{AE617D14-CB14-4385-8E5C-73308BF542DE} = {6B52D0CE-699A-40D8-B6E8-8E84922BA249}
		{4C643A0F-896B-4881-A9D9-5802139F565F} = {6B52D0CE-699A-40D8-B6E8-8E84922BA249}
		{C28BF086-DD6D-4822-A288-831A0BB9010B} = {AA89F36B-0F88-4832-A335-EF09FDA3B38F}
		{2A0543A8-984E-44A5-9587-C091BF16AB18} = {AA89F36B-0F88-4832-A335-EF09FDA3B38F}
		{4BFD0A67-BE42-41C8-BE29-FFA150FE5587} = {AA89F36B-0F88-4832-A335-EF09FDA3B38F}
	EndGlobalSection
EndGlobal
